
Microsoft Visual Studio Solution File, Format Version 12.00
# Visual Studio Version 16
VisualStudioVersion = 16.0.31410.357
MinimumVisualStudioVersion = 10.0.40219.1
Project("{FAE04EC0-301F-11D3-BF4B-00C04F79EFBC}") = "ARCHIVE_VIEWER", "ARCHIVE_VIEWER\ARCHIVE_VIEWER.csproj", "{856A0024-00CB-4EB5-A119-8E8BF34E8362}"
EndProject
Global
	GlobalSection(SolutionConfigurationPlatforms) = preSolution
		Debug|Any CPU = Debug|Any CPU
		Release|Any CPU = Release|Any CPU
	EndGlobalSection
	GlobalSection(ProjectConfigurationPlatforms) = postSolution
		{856A0024-00CB-4EB5-A119-8E8BF34E8362}.Debug|Any CPU.ActiveCfg = Debug|Any CPU
		{856A0024-00CB-4EB5-A119-8E8BF34E8362}.Debug|Any CPU.Build.0 = Debug|Any CPU
		{856A0024-00CB-4EB5-A119-8E8BF34E8362}.Release|Any CPU.ActiveCfg = Release|Any CPU
		{856A0024-00CB-4EB5-A119-8E8BF34E8362}.Release|Any CPU.Build.0 = Release|Any CPU
	EndGlobalSection
	GlobalSection(SolutionProperties) = preSolution
		HideSolutionNode = FALSE
	EndGlobalSection
	GlobalSection(ExtensibilityGlobals) = postSolution
		SolutionGuid = {A848CAA1-D805-41BC-A1A8-A622CBD5BF5A}
	EndGlobalSection
EndGlobal
