{
  "requires": true,
  "lockfileVersion": 1,
  "dependencies": {
    "idle-timeout": {
      "version": "2.0.1",
      "resolved": "https://registry.npmjs.org/idle-timeout/-/idle-timeout-2.0.1.tgz",
      "integrity": "sha512-P26RMYHYajuCUxG7MG4DcggX8vmWWsEjfisUCT/l6OZ06sIAM9jWH8AeiGHAtm4JEGEv0fsY49U/BXOBdfCjSw=="
    }
  }
}
